
Microsoft Visual Studio Solution File, Format Version 12.00
# Visual Studio Version 16
VisualStudioVersion = 16.0.29230.47
MinimumVisualStudioVersion = 10.0.40219.1
Project("{8BC9CEB8-8B4A-11D0-8D11-00A0C91BC942}") = "Project_cpp", "Project_cpp\Project_cpp.vcxproj", "{B30FD695-68BF-4944-BDAB-A3C583C26EFC}"
EndProject
Project("{FAE04EC0-301F-11D3-BF4B-00C04F79EFBC}") = "Project_cs_lib", "Project_cs_lib\Project_cs_lib.csproj", "{679374AC-8477-46B4-BB79-4ECCD4FB7884}"
EndProject
Project("{FAE04EC0-301F-11D3-BF4B-00C04F79EFBC}") = "Project_cs_app", "Project_cs_app\Project_cs_app.csproj", "{8774EBA3-492D-497F-959A-2DD0CE24520F}"
EndProject
Global
	GlobalSection(SolutionConfigurationPlatforms) = preSolution
		Debug|Any CPU = Debug|Any CPU
		Debug|x64 = Debug|x64
		Debug|x86 = Debug|x86
		Release|Any CPU = Release|Any CPU
		Release|x64 = Release|x64
		Release|x86 = Release|x86
	EndGlobalSection
	GlobalSection(ProjectConfigurationPlatforms) = postSolution
		{B30FD695-68BF-4944-BDAB-A3C583C26EFC}.Debug|Any CPU.ActiveCfg = Debug|Win32
		{B30FD695-68BF-4944-BDAB-A3C583C26EFC}.Debug|x64.ActiveCfg = Debug|x64
		{B30FD695-68BF-4944-BDAB-A3C583C26EFC}.Debug|x64.Build.0 = Debug|x64
		{B30FD695-68BF-4944-BDAB-A3C583C26EFC}.Debug|x86.ActiveCfg = Debug|Win32
		{B30FD695-68BF-4944-BDAB-A3C583C26EFC}.Debug|x86.Build.0 = Debug|Win32
		{B30FD695-68BF-4944-BDAB-A3C583C26EFC}.Release|Any CPU.ActiveCfg = Release|Win32
		{B30FD695-68BF-4944-BDAB-A3C583C26EFC}.Release|x64.ActiveCfg = Release|x64
		{B30FD695-68BF-4944-BDAB-A3C583C26EFC}.Release|x64.Build.0 = Release|x64
		{B30FD695-68BF-4944-BDAB-A3C583C26EFC}.Release|x86.ActiveCfg = Release|Win32
		{B30FD695-68BF-4944-BDAB-A3C583C26EFC}.Release|x86.Build.0 = Release|Win32
		{679374AC-8477-46B4-BB79-4ECCD4FB7884}.Debug|Any CPU.ActiveCfg = Debug|Any CPU
		{679374AC-8477-46B4-BB79-4ECCD4FB7884}.Debug|Any CPU.Build.0 = Debug|Any CPU
		{679374AC-8477-46B4-BB79-4ECCD4FB7884}.Debug|x64.ActiveCfg = Debug|Any CPU
		{679374AC-8477-46B4-BB79-4ECCD4FB7884}.Debug|x64.Build.0 = Debug|Any CPU
		{679374AC-8477-46B4-BB79-4ECCD4FB7884}.Debug|x86.ActiveCfg = Debug|Any CPU
		{679374AC-8477-46B4-BB79-4ECCD4FB7884}.Debug|x86.Build.0 = Debug|Any CPU
		{679374AC-8477-46B4-BB79-4ECCD4FB7884}.Release|Any CPU.ActiveCfg = Release|Any CPU
		{679374AC-8477-46B4-BB79-4ECCD4FB7884}.Release|Any CPU.Build.0 = Release|Any CPU
		{679374AC-8477-46B4-BB79-4ECCD4FB7884}.Release|x64.ActiveCfg = Release|Any CPU
		{679374AC-8477-46B4-BB79-4ECCD4FB7884}.Release|x64.Build.0 = Release|Any CPU
		{679374AC-8477-46B4-BB79-4ECCD4FB7884}.Release|x86.ActiveCfg = Release|Any CPU
		{679374AC-8477-46B4-BB79-4ECCD4FB7884}.Release|x86.Build.0 = Release|Any CPU
		{8774EBA3-492D-497F-959A-2DD0CE24520F}.Debug|Any CPU.ActiveCfg = Debug|Any CPU
		{8774EBA3-492D-497F-959A-2DD0CE24520F}.Debug|Any CPU.Build.0 = Debug|Any CPU
		{8774EBA3-492D-497F-959A-2DD0CE24520F}.Debug|x64.ActiveCfg = Debug|Any CPU
		{8774EBA3-492D-497F-959A-2DD0CE24520F}.Debug|x64.Build.0 = Debug|Any CPU
		{8774EBA3-492D-497F-959A-2DD0CE24520F}.Debug|x86.ActiveCfg = Debug|Any CPU
		{8774EBA3-492D-497F-959A-2DD0CE24520F}.Debug|x86.Build.0 = Debug|Any CPU
		{8774EBA3-492D-497F-959A-2DD0CE24520F}.Release|Any CPU.ActiveCfg = Release|Any CPU
		{8774EBA3-492D-497F-959A-2DD0CE24520F}.Release|Any CPU.Build.0 = Release|Any CPU
		{8774EBA3-492D-497F-959A-2DD0CE24520F}.Release|x64.ActiveCfg = Release|Any CPU
		{8774EBA3-492D-497F-959A-2DD0CE24520F}.Release|x64.Build.0 = Release|Any CPU
		{8774EBA3-492D-497F-959A-2DD0CE24520F}.Release|x86.ActiveCfg = Release|Any CPU
		{8774EBA3-492D-497F-959A-2DD0CE24520F}.Release|x86.Build.0 = Release|Any CPU
	EndGlobalSection
	GlobalSection(SolutionProperties) = preSolution
		HideSolutionNode = FALSE
	EndGlobalSection
	GlobalSection(ExtensibilityGlobals) = postSolution
		SolutionGuid = {9B8A0463-DE1D-4E4B-8A0A-3266825F82CB}
	EndGlobalSection
EndGlobal
